
Microsoft Visual Studio Solution File, Format Version 12.00
# Visual Studio Version 17
VisualStudioVersion = 17.6.33723.286
MinimumVisualStudioVersion = 10.0.40219.1
Project("{9A19103F-16F7-4668-BE54-9A1E7A4F7556}") = "back-nobarriers", "back-nobarriers\back-nobarriers.csproj", "{D7CB5967-8B39-461E-9108-C5C3A0AF1352}"
EndProject
Project("{FAE04EC0-301F-11D3-BF4B-00C04F79EFBC}") = "back-nobarriers.Tests", "back-nobarriers.Tests\back-nobarriers.Tests.csproj", "{CBBCF6FE-9875-4FA8-8BC7-3B10CD8627FD}"
EndProject
Global
	GlobalSection(SolutionConfigurationPlatforms) = preSolution
		Debug|Any CPU = Debug|Any CPU
		Release|Any CPU = Release|Any CPU
	EndGlobalSection
	GlobalSection(ProjectConfigurationPlatforms) = postSolution
		{D7CB5967-8B39-461E-9108-C5C3A0AF1352}.Debug|Any CPU.ActiveCfg = Debug|Any CPU
		{D7CB5967-8B39-461E-9108-C5C3A0AF1352}.Debug|Any CPU.Build.0 = Debug|Any CPU
		{D7CB5967-8B39-461E-9108-C5C3A0AF1352}.Release|Any CPU.ActiveCfg = Release|Any CPU
		{D7CB5967-8B39-461E-9108-C5C3A0AF1352}.Release|Any CPU.Build.0 = Release|Any CPU
		{CBBCF6FE-9875-4FA8-8BC7-3B10CD8627FD}.Debug|Any CPU.ActiveCfg = Debug|Any CPU
		{CBBCF6FE-9875-4FA8-8BC7-3B10CD8627FD}.Debug|Any CPU.Build.0 = Debug|Any CPU
		{CBBCF6FE-9875-4FA8-8BC7-3B10CD8627FD}.Release|Any CPU.ActiveCfg = Release|Any CPU
		{CBBCF6FE-9875-4FA8-8BC7-3B10CD8627FD}.Release|Any CPU.Build.0 = Release|Any CPU
	EndGlobalSection
	GlobalSection(SolutionProperties) = preSolution
		HideSolutionNode = FALSE
	EndGlobalSection
	GlobalSection(ExtensibilityGlobals) = postSolution
		SolutionGuid = {E243720A-8FBD-47E3-9E9B-718607A1B924}
	EndGlobalSection
EndGlobal
